{
  "originHash" : "22e3f8dc518c1f27b726b03f2887e3ca7e4cde1fa49e90ffc0a13adcd17db04b",
  "pins" : [
    {
      "identity" : "sendabledictionary",
      "kind" : "remoteSourceControl",
      "location" : "https://github.com/SwiftfulThinking/SendableDictionary.git",
      "state" : {
        "revision" : "87eca8178bb0b64a2f1a6191ac42b2e73620db07",
        "version" : "1.0.0"
      }
    },
    {
      "identity" : "swiftfullogging",
      "kind" : "remoteSourceControl",
      "location" : "https://github.com/SwiftfulThinking/SwiftfulLogging.git",
      "state" : {
        "revision" : "de4f3398e557ede01bc5407c802eb7769d804e5e",
        "version" : "1.0.5"
      }
    }
  ],
  "version" : 3
}
